schema: '2.0'
stages:
  data_cleaning:
    cmd: python3 src/data/data_cleaning.py
    deps:
    - path: data/raw/BankChurners.csv
      hash: md5
      md5: c8c0eb266d15fba793ede87f94eddad8
      size: 1510880
    - path: src/data/data_cleaning.py
      hash: md5
      md5: ccfcf803d254aad1f30aec044a5d0074
      size: 3118
    outs:
    - path: data/cleaned/bankchurners_cleaned.csv
      hash: md5
      md5: 7de99ae194b48fc671267d7486dacd03
      size: 1066010
  data_preparation:
    cmd: python3 src/data/data_preparation.py
    deps:
    - path: data/cleaned/bankchurners_cleaned.csv
      hash: md5
      md5: 7de99ae194b48fc671267d7486dacd03
      size: 1066010
    - path: src/data/data_preparation.py
      hash: md5
      md5: 475cf301d5559cda2b56adb75b18c7e7
      size: 3114
    params:
      params.yaml:
        Data_Preparation.random_state: 42
        Data_Preparation.test_size: 0.2
    outs:
    - path: data/interim/test.csv
      hash: md5
      md5: 9463188595908b4f4dfdb4181e2a8f0b
      size: 213024
    - path: data/interim/train.csv
      hash: md5
      md5: c720ff541c0d6223a1037842331f3589
      size: 852210
  data_preprocessing:
    cmd: python3 src/features/data_preprocessing.py
    deps:
    - path: data/interim/test.csv
      hash: md5
      md5: 9463188595908b4f4dfdb4181e2a8f0b
      size: 213024
    - path: data/interim/train.csv
      hash: md5
      md5: c720ff541c0d6223a1037842331f3589
      size: 852210
    - path: src/features/data_preprocessing.py
      hash: md5
      md5: 2b7d579c6ab7eb1b2567cc0eaba30dbd
      size: 8215
    params:
      params.yaml:
        Data_Preprocessing.smote_k_neighbors: 5
        Data_Preprocessing.smote_random_state: 42
    outs:
    - path: data/processed/test_trans.csv
      hash: md5
      md5: a16f99509f7fa3032864cd5675124726
      size: 491466
    - path: data/processed/train_trans.csv
      hash: md5
      md5: 4c1e8839fffa721ce78b8fd7f20881d8
      size: 3427630
    - path: models/preprocessor.joblib
      hash: md5
      md5: dbe473e001a21054f65e35e05f197ca7
      size: 11885
  train:
    cmd: python3 src/models/train.py
    deps:
    - path: data/processed/train_trans.csv
      hash: md5
      md5: 4c1e8839fffa721ce78b8fd7f20881d8
      size: 3427630
    - path: src/models/train.py
      hash: md5
      md5: 9e93f2c858046f11617ac2b54f095686
      size: 2593
    params:
      params.yaml:
        Train.XG_boost.colsample_bytree: 0.570870702664962
        Train.XG_boost.learning_rate: 0.05234950446452074
        Train.XG_boost.max_depth: 7
        Train.XG_boost.n_estimators: 261
        Train.XG_boost.random_state: 42
        Train.XG_boost.subsample: 0.9998532598274361
    outs:
    - path: models/model.joblib
      hash: md5
      md5: 2322d00af6c54cacf95e2cce2b0cd549
      size: 1133090
  evaluate:
    cmd: python3 src/models/evaluation.py
    deps:
    - path: data/processed/test_trans.csv
      hash: md5
      md5: a16f99509f7fa3032864cd5675124726
      size: 491466
    - path: data/processed/train_trans.csv
      hash: md5
      md5: 4c1e8839fffa721ce78b8fd7f20881d8
      size: 3427630
    - path: models/model.joblib
      hash: md5
      md5: 2322d00af6c54cacf95e2cce2b0cd549
      size: 1133090
    - path: src/models/evaluation.py
      hash: md5
      md5: f518154eee8fd1bbc5ed6a4a228f6769
      size: 5390
    outs:
    - path: metrics.json
      hash: md5
      md5: 9c271c40bb4c9e5ff18fa6e660851cdf
      size: 263
    - path: reports/figures
      hash: md5
      md5: 6c6e81fde31f8ff3f096fd90b12d8bdd.dir
      size: 269850
      nfiles: 3
